
Microsoft Visual Studio Solution File, Format Version 12.00
# Visual Studio Version 16
VisualStudioVersion = 16.0.29609.76
MinimumVisualStudioVersion = 10.0.40219.1
Project("{FAE04EC0-301F-11D3-BF4B-00C04F79EFBC}") = "SolveMe", "SolveMe.csproj", "{5F4182D9-21E8-4053-B28F-B4020CF49C55}"
EndProject
Global
	GlobalSection(SolutionConfigurationPlatforms) = preSolution
		Debug|Any CPU = Debug|Any CPU
		Release|Any CPU = Release|Any CPU
	EndGlobalSection
	GlobalSection(ProjectConfigurationPlatforms) = postSolution
		{5F4182D9-21E8-4053-B28F-B4020CF49C55}.Debug|Any CPU.ActiveCfg = Debug|Any CPU
		{5F4182D9-21E8-4053-B28F-B4020CF49C55}.Debug|Any CPU.Build.0 = Debug|Any CPU
		{5F4182D9-21E8-4053-B28F-B4020CF49C55}.Release|Any CPU.ActiveCfg = Release|Any CPU
		{5F4182D9-21E8-4053-B28F-B4020CF49C55}.Release|Any CPU.Build.0 = Release|Any CPU
	EndGlobalSection
	GlobalSection(SolutionProperties) = preSolution
		HideSolutionNode = FALSE
	EndGlobalSection
	GlobalSection(ExtensibilityGlobals) = postSolution
		SolutionGuid = {E01D16E4-6F08-4DE7-9160-27927F7CF1DE}
	EndGlobalSection
EndGlobal
